// !$*UTF8*$!
{
	archiveVersion = 1;
	classes = {
	};
	objectVersion = 46;
	objects = {

/* Begin PBXBuildFile section */
		3187CFFB18C0F266000A6388 /* STIWebViewController.m in Sources */ = {isa = PBXBuildFile; fileRef = 3187CFF918C0F266000A6388 /* STIWebViewController.m */; };
		3187CFFC18C0F266000A6388 /* STIWebViewController.xib in Resources */ = {isa = PBXBuildFile; fileRef = 3187CFFA18C0F266000A6388 /* STIWebViewController.xib */; };
		318B3AA218BFB6FA005487AB /* Foundation.framework in Frameworks */ = {isa = PBXBuildFile; fileRef = 318B3AA118BFB6FA005487AB /* Foundation.framework */; };
		318B3AA418BFB6FA005487AB /* CoreGraphics.framework in Frameworks */ = {isa = PBXBuildFile; fileRef = 318B3AA318BFB6FA005487AB /* CoreGraphics.framework */; };
		318B3AA618BFB6FA005487AB /* UIKit.framework in Frameworks */ = {isa = PBXBuildFile; fileRef = 318B3AA518BFB6FA005487AB /* UIKit.framework */; };
		318B3AAC18BFB6FA005487AB /* InfoPlist.strings in Resources */ = {isa = PBXBuildFile; fileRef = 318B3AAA18BFB6FA005487AB /* InfoPlist.strings */; };
		318B3AAE18BFB6FA005487AB /* main.m in Sources */ = {isa = PBXBuildFile; fileRef = 318B3AAD18BFB6FA005487AB /* main.m */; };
		318B3AB218BFB6FB005487AB /* STIAppDelegate.m in Sources */ = {isa = PBXBuildFile; fileRef = 318B3AB118BFB6FB005487AB /* STIAppDelegate.m */; };
		318B3AB418BFB6FB005487AB /* Images.xcassets in Resources */ = {isa = PBXBuildFile; fileRef = 318B3AB318BFB6FB005487AB /* Images.xcassets */; };
		318B3ABB18BFB6FB005487AB /* XCTest.framework in Frameworks */ = {isa = PBXBuildFile; fileRef = 318B3ABA18BFB6FB005487AB /* XCTest.framework */; };
		318B3ABC18BFB6FB005487AB /* Foundation.framework in Frameworks */ = {isa = PBXBuildFile; fileRef = 318B3AA118BFB6FA005487AB /* Foundation.framework */; };
		318B3ABD18BFB6FB005487AB /* UIKit.framework in Frameworks */ = {isa = PBXBuildFile; fileRef = 318B3AA518BFB6FA005487AB /* UIKit.framework */; };
		318B3AC518BFB6FB005487AB /* InfoPlist.strings in Resources */ = {isa = PBXBuildFile; fileRef = 318B3AC318BFB6FB005487AB /* InfoPlist.strings */; };
		318B3AC718BFB6FB005487AB /* computerTests.m in Sources */ = {isa = PBXBuildFile; fileRef = 318B3AC618BFB6FB005487AB /* computerTests.m */; };
		318B3AD518BFBCAC005487AB /* STIcomputerModel.m in Sources */ = {isa = PBXBuildFile; fileRef = 318B3AD418BFBCAC005487AB /* STIcomputerModel.m */; };
		318B6F0218C098AC004D0F88 /* STIcomputerViewController.m in Sources */ = {isa = PBXBuildFile; fileRef = 318B6F0018C098AC004D0F88 /* STIcomputerViewController.m */; };
		318B6F0318C098AC004D0F88 /* STIcomputerViewController.xib in Resources */ = {isa = PBXBuildFile; fileRef = 318B6F0118C098AC004D0F88 /* STIcomputerViewController.xib */; };
		318B6F0618C0B537004D0F88 /* star_gold_256.png in Resources */ = {isa = PBXBuildFile; fileRef = 318B6F0518C0B537004D0F88 /* star_gold_256.png */; };
		318B6F0A18C0BADD004D0F88 /* desktop-computer.jpg in Resources */ = {isa = PBXBuildFile; fileRef = 318B6F0818C0BADD004D0F88 /* desktop-computer.jpg */; };
		318B6F0B18C0BADD004D0F88 /* laptop-computer.jpg in Resources */ = {isa = PBXBuildFile; fileRef = 318B6F0918C0BADD004D0F88 /* laptop-computer.jpg */; };
		3191E56D18C1E24800597AD2 /* STIComputerStoreModel.m in Sources */ = {isa = PBXBuildFile; fileRef = 3191E56C18C1E24800597AD2 /* STIComputerStoreModel.m */; };
		3191E57018C1EA5400597AD2 /* STIcomputerStoreViewController.m in Sources */ = {isa = PBXBuildFile; fileRef = 3191E56F18C1EA5400597AD2 /* STIcomputerStoreViewController.m */; };
		3191E57218C218C600597AD2 /* other-computer.jpg in Resources */ = {isa = PBXBuildFile; fileRef = 3191E57118C218C600597AD2 /* other-computer.jpg */; };
/* End PBXBuildFile section */

/* Begin PBXContainerItemProxy section */
		318B3ABE18BFB6FB005487AB /* PBXContainerItemProxy */ = {
			isa = PBXContainerItemProxy;
			containerPortal = 318B3A9618BFB6FA005487AB /* Project object */;
			proxyType = 1;
			remoteGlobalIDString = 318B3A9D18BFB6FA005487AB;
			remoteInfo = computer;
		};
/* End PBXContainerItemProxy section */

/* Begin PBXFileReference section */
		3187CFF818C0F266000A6388 /* STIWebViewController.h */ = {isa = PBXFileReference; fileEncoding = 4; lastKnownFileType = sourcecode.c.h; path = STIWebViewController.h; sourceTree = "<group>"; };
		3187CFF918C0F266000A6388 /* STIWebViewController.m */ = {isa = PBXFileReference; fileEncoding = 4; lastKnownFileType = sourcecode.c.objc; path = STIWebViewController.m; sourceTree = "<group>"; };
		3187CFFA18C0F266000A6388 /* STIWebViewController.xib */ = {isa = PBXFileReference; fileEncoding = 4; lastKnownFileType = file.xib; path = STIWebViewController.xib; sourceTree = "<group>"; };
		318B3A9E18BFB6FA005487AB /* computer.app */ = {isa = PBXFileReference; explicitFileType = wrapper.application; includeInIndex = 0; path = computer.app; sourceTree = BUILT_PRODUCTS_DIR; };
		318B3AA118BFB6FA005487AB /* Foundation.framework */ = {isa = PBXFileReference; lastKnownFileType = wrapper.framework; name = Foundation.framework; path = System/Library/Frameworks/Foundation.framework; sourceTree = SDKROOT; };
		318B3AA318BFB6FA005487AB /* CoreGraphics.framework */ = {isa = PBXFileReference; lastKnownFileType = wrapper.framework; name = CoreGraphics.framework; path = System/Library/Frameworks/CoreGraphics.framework; sourceTree = SDKROOT; };
		318B3AA518BFB6FA005487AB /* UIKit.framework */ = {isa = PBXFileReference; lastKnownFileType = wrapper.framework; name = UIKit.framework; path = System/Library/Frameworks/UIKit.framework; sourceTree = SDKROOT; };
		318B3AA918BFB6FA005487AB /* computer-Info.plist */ = {isa = PBXFileReference; lastKnownFileType = text.plist.xml; path = "computer-Info.plist"; sourceTree = "<group>"; };
		318B3AAB18BFB6FA005487AB /* en */ = {isa = PBXFileReference; lastKnownFileType = text.plist.strings; name = en; path = en.lproj/InfoPlist.strings; sourceTree = "<group>"; };
		318B3AAD18BFB6FA005487AB /* main.m */ = {isa = PBXFileReference; lastKnownFileType = sourcecode.c.objc; path = main.m; sourceTree = "<group>"; };
		318B3AAF18BFB6FA005487AB /* computer-Prefix.pch */ = {isa = PBXFileReference; lastKnownFileType = sourcecode.c.h; path = "computer-Prefix.pch"; sourceTree = "<group>"; };
		318B3AB018BFB6FB005487AB /* STIAppDelegate.h */ = {isa = PBXFileReference; lastKnownFileType = sourcecode.c.h; path = STIAppDelegate.h; sourceTree = "<group>"; };
		318B3AB118BFB6FB005487AB /* STIAppDelegate.m */ = {isa = PBXFileReference; lastKnownFileType = sourcecode.c.objc; path = STIAppDelegate.m; sourceTree = "<group>"; };
		318B3AB318BFB6FB005487AB /* Images.xcassets */ = {isa = PBXFileReference; lastKnownFileType = folder.assetcatalog; path = Images.xcassets; sourceTree = "<group>"; };
		318B3AB918BFB6FB005487AB /* computerTests.xctest */ = {isa = PBXFileReference; explicitFileType = wrapper.cfbundle; includeInIndex = 0; path = computerTests.xctest; sourceTree = BUILT_PRODUCTS_DIR; };
		318B3ABA18BFB6FB005487AB /* XCTest.framework */ = {isa = PBXFileReference; lastKnownFileType = wrapper.framework; name = XCTest.framework; path = Library/Frameworks/XCTest.framework; sourceTree = DEVELOPER_DIR; };
		318B3AC218BFB6FB005487AB /* computerTests-Info.plist */ = {isa = PBXFileReference; lastKnownFileType = text.plist.xml; path = "computerTests-Info.plist"; sourceTree = "<group>"; };
		318B3AC418BFB6FB005487AB /* en */ = {isa = PBXFileReference; lastKnownFileType = text.plist.strings; name = en; path = en.lproj/InfoPlist.strings; sourceTree = "<group>"; };
		318B3AC618BFB6FB005487AB /* computerTests.m */ = {isa = PBXFileReference; lastKnownFileType = sourcecode.c.objc; path = computerTests.m; sourceTree = "<group>"; };
		318B3AD318BFBCAC005487AB /* STIcomputerModel.h */ = {isa = PBXFileReference; fileEncoding = 4; lastKnownFileType = sourcecode.c.h; path = STIcomputerModel.h; sourceTree = "<group>"; };
		318B3AD418BFBCAC005487AB /* STIcomputerModel.m */ = {isa = PBXFileReference; fileEncoding = 4; lastKnownFileType = sourcecode.c.objc; path = STIcomputerModel.m; sourceTree = "<group>"; };
		318B6EFF18C098AC004D0F88 /* STIcomputerViewController.h */ = {isa = PBXFileReference; fileEncoding = 4; lastKnownFileType = sourcecode.c.h; path = STIcomputerViewController.h; sourceTree = "<group>"; };
		318B6F0018C098AC004D0F88 /* STIcomputerViewController.m */ = {isa = PBXFileReference; fileEncoding = 4; lastKnownFileType = sourcecode.c.objc; path = STIcomputerViewController.m; sourceTree = "<group>"; };
		318B6F0118C098AC004D0F88 /* STIcomputerViewController.xib */ = {isa = PBXFileReference; fileEncoding = 4; lastKnownFileType = file.xib; path = STIcomputerViewController.xib; sourceTree = "<group>"; };
		318B6F0518C0B537004D0F88 /* star_gold_256.png */ = {isa = PBXFileReference; lastKnownFileType = image.png; name = star_gold_256.png; path = computer/star_gold_256.png; sourceTree = "<group>"; };
		318B6F0818C0BADD004D0F88 /* desktop-computer.jpg */ = {isa = PBXFileReference; lastKnownFileType = image.jpeg; path = "desktop-computer.jpg"; sourceTree = "<group>"; };
		318B6F0918C0BADD004D0F88 /* laptop-computer.jpg */ = {isa = PBXFileReference; lastKnownFileType = image.jpeg; path = "laptop-computer.jpg"; sourceTree = "<group>"; };
		3191E56B18C1E24800597AD2 /* STIComputerStoreModel.h */ = {isa = PBXFileReference; fileEncoding = 4; lastKnownFileType = sourcecode.c.h; path = STIComputerStoreModel.h; sourceTree = "<group>"; };
		3191E56C18C1E24800597AD2 /* STIComputerStoreModel.m */ = {isa = PBXFileReference; fileEncoding = 4; lastKnownFileType = sourcecode.c.objc; path = STIComputerStoreModel.m; sourceTree = "<group>"; };
		3191E56E18C1EA5400597AD2 /* STIcomputerStoreViewController.h */ = {isa = PBXFileReference; fileEncoding = 4; lastKnownFileType = sourcecode.c.h; path = STIcomputerStoreViewController.h; sourceTree = "<group>"; };
		3191E56F18C1EA5400597AD2 /* STIcomputerStoreViewController.m */ = {isa = PBXFileReference; fileEncoding = 4; lastKnownFileType = sourcecode.c.objc; path = STIcomputerStoreViewController.m; sourceTree = "<group>"; };
		3191E57118C218C600597AD2 /* other-computer.jpg */ = {isa = PBXFileReference; lastKnownFileType = image.jpeg; path = "other-computer.jpg"; sourceTree = "<group>"; };
/* End PBXFileReference section */

/* Begin PBXFrameworksBuildPhase section */
		318B3A9B18BFB6FA005487AB /* Frameworks */ = {
			isa = PBXFrameworksBuildPhase;
			buildActionMask = 2147483647;
			files = (
				318B3AA418BFB6FA005487AB /* CoreGraphics.framework in Frameworks */,
				318B3AA618BFB6FA005487AB /* UIKit.framework in Frameworks */,
				318B3AA218BFB6FA005487AB /* Foundation.framework in Frameworks */,
			);
			runOnlyForDeploymentPostprocessing = 0;
		};
		318B3AB618BFB6FB005487AB /* Frameworks */ = {
			isa = PBXFrameworksBuildPhase;
			buildActionMask = 2147483647;
			files = (
				318B3ABB18BFB6FB005487AB /* XCTest.framework in Frameworks */,
				318B3ABD18BFB6FB005487AB /* UIKit.framework in Frameworks */,
				318B3ABC18BFB6FB005487AB /* Foundation.framework in Frameworks */,
			);
			runOnlyForDeploymentPostprocessing = 0;
		};
/* End PBXFrameworksBuildPhase section */

/* Begin PBXGroup section */
		318B3A9518BFB6F9005487AB = {
			isa = PBXGroup;
			children = (
				318B6F0718C0B588004D0F88 /* resources */,
				318B6F0418C098D3004D0F88 /* Controlers */,
				318B3AA718BFB6FA005487AB /* computer */,
				318B3AC018BFB6FB005487AB /* computerTests */,
				318B3AA018BFB6FA005487AB /* Frameworks */,
				318B3A9F18BFB6FA005487AB /* Products */,
			);
			sourceTree = "<group>";
		};
		318B3A9F18BFB6FA005487AB /* Products */ = {
			isa = PBXGroup;
			children = (
				318B3A9E18BFB6FA005487AB /* computer.app */,
				318B3AB918BFB6FB005487AB /* computerTests.xctest */,
			);
			name = Products;
			sourceTree = "<group>";
		};
		318B3AA018BFB6FA005487AB /* Frameworks */ = {
			isa = PBXGroup;
			children = (
				318B3AA118BFB6FA005487AB /* Foundation.framework */,
				318B3AA318BFB6FA005487AB /* CoreGraphics.framework */,
				318B3AA518BFB6FA005487AB /* UIKit.framework */,
				318B3ABA18BFB6FB005487AB /* XCTest.framework */,
			);
			name = Frameworks;
			sourceTree = "<group>";
		};
		318B3AA718BFB6FA005487AB /* computer */ = {
			isa = PBXGroup;
			children = (
				318B3AB018BFB6FB005487AB /* STIAppDelegate.h */,
				318B3AB118BFB6FB005487AB /* STIAppDelegate.m */,
				318B3AB318BFB6FB005487AB /* Images.xcassets */,
				318B3AA818BFB6FA005487AB /* Supporting Files */,
				318B3AD618BFBCC1005487AB /* Models */,
			);
			path = computer;
			sourceTree = "<group>";
		};
		318B3AA818BFB6FA005487AB /* Supporting Files */ = {
			isa = PBXGroup;
			children = (
				318B3AA918BFB6FA005487AB /* computer-Info.plist */,
				318B3AAA18BFB6FA005487AB /* InfoPlist.strings */,
				318B3AAD18BFB6FA005487AB /* main.m */,
				318B3AAF18BFB6FA005487AB /* computer-Prefix.pch */,
			);
			name = "Supporting Files";
			sourceTree = "<group>";
		};
		318B3AC018BFB6FB005487AB /* computerTests */ = {
			isa = PBXGroup;
			children = (
				318B3AC618BFB6FB005487AB /* computerTests.m */,
				318B3AC118BFB6FB005487AB /* Supporting Files */,
			);
			path = computerTests;
			sourceTree = "<group>";
		};
		318B3AC118BFB6FB005487AB /* Supporting Files */ = {
			isa = PBXGroup;
			children = (
				318B3AC218BFB6FB005487AB /* computerTests-Info.plist */,
				318B3AC318BFB6FB005487AB /* InfoPlist.strings */,
			);
			name = "Supporting Files";
			sourceTree = "<group>";
		};
		318B3AD618BFBCC1005487AB /* Models */ = {
			isa = PBXGroup;
			children = (
				3191E56B18C1E24800597AD2 /* STIComputerStoreModel.h */,
				3191E56C18C1E24800597AD2 /* STIComputerStoreModel.m */,
				318B3AD318BFBCAC005487AB /* STIcomputerModel.h */,
				318B3AD418BFBCAC005487AB /* STIcomputerModel.m */,
			);
			name = Models;
			sourceTree = "<group>";
		};
		318B6F0418C098D3004D0F88 /* Controlers */ = {
			isa = PBXGroup;
			children = (
				318B6EFF18C098AC004D0F88 /* STIcomputerViewController.h */,
				318B6F0018C098AC004D0F88 /* STIcomputerViewController.m */,
				318B6F0118C098AC004D0F88 /* STIcomputerViewController.xib */,
				3187CFF818C0F266000A6388 /* STIWebViewController.h */,
				3187CFF918C0F266000A6388 /* STIWebViewController.m */,
				3187CFFA18C0F266000A6388 /* STIWebViewController.xib */,
				3191E56E18C1EA5400597AD2 /* STIcomputerStoreViewController.h */,
				3191E56F18C1EA5400597AD2 /* STIcomputerStoreViewController.m */,
			);
			name = Controlers;
			sourceTree = "<group>";
		};
		318B6F0718C0B588004D0F88 /* resources */ = {
			isa = PBXGroup;
			children = (
				3191E57118C218C600597AD2 /* other-computer.jpg */,
				318B6F0818C0BADD004D0F88 /* desktop-computer.jpg */,
				318B6F0918C0BADD004D0F88 /* laptop-computer.jpg */,
				318B6F0518C0B537004D0F88 /* star_gold_256.png */,
			);
			name = resources;
			sourceTree = "<group>";
		};
/* End PBXGroup section */

/* Begin PBXNativeTarget section */
		318B3A9D18BFB6FA005487AB /* computer */ = {
			isa = PBXNativeTarget;
			buildConfigurationList = 318B3ACA18BFB6FB005487AB /* Build configuration list for PBXNativeTarget "computer" */;
			buildPhases = (
				318B3A9A18BFB6FA005487AB /* Sources */,
				318B3A9B18BFB6FA005487AB /* Frameworks */,
				318B3A9C18BFB6FA005487AB /* Resources */,
			);
			buildRules = (
			);
			dependencies = (
			);
			name = computer;
			productName = computer;
			productReference = 318B3A9E18BFB6FA005487AB /* computer.app */;
			productType = "com.apple.product-type.application";
		};
		318B3AB818BFB6FB005487AB /* computerTests */ = {
			isa = PBXNativeTarget;
			buildConfigurationList = 318B3ACD18BFB6FB005487AB /* Build configuration list for PBXNativeTarget "computerTests" */;
			buildPhases = (
				318B3AB518BFB6FB005487AB /* Sources */,
				318B3AB618BFB6FB005487AB /* Frameworks */,
				318B3AB718BFB6FB005487AB /* Resources */,
			);
			buildRules = (
			);
			dependencies = (
				318B3ABF18BFB6FB005487AB /* PBXTargetDependency */,
			);
			name = computerTests;
			productName = computerTests;
			productReference = 318B3AB918BFB6FB005487AB /* computerTests.xctest */;
			productType = "com.apple.product-type.bundle.unit-test";
		};
/* End PBXNativeTarget section */

/* Begin PBXProject section */
		318B3A9618BFB6FA005487AB /* Project object */ = {
			isa = PBXProject;
			attributes = {
				CLASSPREFIX = STI;
				LastUpgradeCheck = 0500;
				ORGANIZATIONNAME = "chuck davila rios";
				TargetAttributes = {
					318B3AB818BFB6FB005487AB = {
						TestTargetID = 318B3A9D18BFB6FA005487AB;
					};
				};
			};
			buildConfigurationList = 318B3A9918BFB6FA005487AB /* Build configuration list for PBXProject "computer" */;
			compatibilityVersion = "Xcode 3.2";
			developmentRegion = English;
			hasScannedForEncodings = 0;
			knownRegions = (
				en,
			);
			mainGroup = 318B3A9518BFB6F9005487AB;
			productRefGroup = 318B3A9F18BFB6FA005487AB /* Products */;
			projectDirPath = "";
			projectRoot = "";
			targets = (
				318B3A9D18BFB6FA005487AB /* computer */,
				318B3AB818BFB6FB005487AB /* computerTests */,
			);
		};
/* End PBXProject section */

/* Begin PBXResourcesBuildPhase section */
		318B3A9C18BFB6FA005487AB /* Resources */ = {
			isa = PBXResourcesBuildPhase;
			buildActionMask = 2147483647;
			files = (
				318B6F0A18C0BADD004D0F88 /* desktop-computer.jpg in Resources */,
				318B3AAC18BFB6FA005487AB /* InfoPlist.strings in Resources */,
				318B6F0318C098AC004D0F88 /* STIcomputerViewController.xib in Resources */,
				318B3AB418BFB6FB005487AB /* Images.xcassets in Resources */,
				318B6F0B18C0BADD004D0F88 /* laptop-computer.jpg in Resources */,
				3187CFFC18C0F266000A6388 /* STIWebViewController.xib in Resources */,
				318B6F0618C0B537004D0F88 /* star_gold_256.png in Resources */,
				3191E57218C218C600597AD2 /* other-computer.jpg in Resources */,
			);
			runOnlyForDeploymentPostprocessing = 0;
		};
		318B3AB718BFB6FB005487AB /* Resources */ = {
			isa = PBXResourcesBuildPhase;
			buildActionMask = 2147483647;
			files = (
				318B3AC518BFB6FB005487AB /* InfoPlist.strings in Resources */,
			);
			runOnlyForDeploymentPostprocessing = 0;
		};
/* End PBXResourcesBuildPhase section */

/* Begin PBXSourcesBuildPhase section */
		318B3A9A18BFB6FA005487AB /* Sources */ = {
			isa = PBXSourcesBuildPhase;
			buildActionMask = 2147483647;
			files = (
				318B6F0218C098AC004D0F88 /* STIcomputerViewController.m in Sources */,
				3187CFFB18C0F266000A6388 /* STIWebViewController.m in Sources */,
				318B3AAE18BFB6FA005487AB /* main.m in Sources */,
				318B3AB218BFB6FB005487AB /* STIAppDelegate.m in Sources */,
				3191E57018C1EA5400597AD2 /* STIcomputerStoreViewController.m in Sources */,
				318B3AD518BFBCAC005487AB /* STIcomputerModel.m in Sources */,
				3191E56D18C1E24800597AD2 /* STIComputerStoreModel.m in Sources */,
			);
			runOnlyForDeploymentPostprocessing = 0;
		};
		318B3AB518BFB6FB005487AB /* Sources */ = {
			isa = PBXSourcesBuildPhase;
			buildActionMask = 2147483647;
			files = (
				318B3AC718BFB6FB005487AB /* computerTests.m in Sources */,
			);
			runOnlyForDeploymentPostprocessing = 0;
		};
/* End PBXSourcesBuildPhase section */

/* Begin PBXTargetDependency section */
		318B3ABF18BFB6FB005487AB /* PBXTargetDependency */ = {
			isa = PBXTargetDependency;
			target = 318B3A9D18BFB6FA005487AB /* computer */;
			targetProxy = 318B3ABE18BFB6FB005487AB /* PBXContainerItemProxy */;
		};
/* End PBXTargetDependency section */

/* Begin PBXVariantGroup section */
		318B3AAA18BFB6FA005487AB /* InfoPlist.strings */ = {
			isa = PBXVariantGroup;
			children = (
				318B3AAB18BFB6FA005487AB /* en */,
			);
			name = InfoPlist.strings;
			sourceTree = "<group>";
		};
		318B3AC318BFB6FB005487AB /* InfoPlist.strings */ = {
			isa = PBXVariantGroup;
			children = (
				318B3AC418BFB6FB005487AB /* en */,
			);
			name = InfoPlist.strings;
			sourceTree = "<group>";
		};
/* End PBXVariantGroup section */

/* Begin XCBuildConfiguration section */
		318B3AC818BFB6FB005487AB /* Debug */ = {
			isa = XCBuildConfiguration;
			buildSettings = {
				ALWAYS_SEARCH_USER_PATHS = NO;
				ARCHS = "$(ARCHS_STANDARD_INCLUDING_64_BIT)";
				CLANG_CXX_LANGUAGE_STANDARD = "gnu++0x";
				CLANG_CXX_LIBRARY = "libc++";
				CLANG_ENABLE_MODULES = YES;
				CLANG_ENABLE_OBJC_ARC = YES;
				CLANG_WARN_BOOL_CONVERSION = YES;
				CLANG_WARN_CONSTANT_CONVERSION = YES;
				CLANG_WARN_DIRECT_OBJC_ISA_USAGE = YES_ERROR;
				CLANG_WARN_EMPTY_BODY = YES;
				CLANG_WARN_ENUM_CONVERSION = YES;
				CLANG_WARN_INT_CONVERSION = YES;
				CLANG_WARN_OBJC_ROOT_CLASS = YES_ERROR;
				CLANG_WARN__DUPLICATE_METHOD_MATCH = YES;
				"CODE_SIGN_IDENTITY[sdk=iphoneos*]" = "iPhone Developer";
				COPY_PHASE_STRIP = NO;
				GCC_C_LANGUAGE_STANDARD = gnu99;
				GCC_DYNAMIC_NO_PIC = NO;
				GCC_OPTIMIZATION_LEVEL = 0;
				GCC_PREPROCESSOR_DEFINITIONS = (
					"DEBUG=1",
					"$(inherited)",
				);
				GCC_SYMBOLS_PRIVATE_EXTERN = NO;
				GCC_WARN_64_TO_32_BIT_CONVERSION = YES;
				GCC_WARN_ABOUT_RETURN_TYPE = YES_ERROR;
				GCC_WARN_UNDECLARED_SELECTOR = YES;
				GCC_WARN_UNINITIALIZED_AUTOS = YES;
				GCC_WARN_UNUSED_FUNCTION = YES;
				GCC_WARN_UNUSED_VARIABLE = YES;
				IPHONEOS_DEPLOYMENT_TARGET = 7.0;
				ONLY_ACTIVE_ARCH = YES;
				SDKROOT = iphoneos;
				TARGETED_DEVICE_FAMILY = 2;
			};
			name = Debug;
		};
		318B3AC918BFB6FB005487AB /* Release */ = {
			isa = XCBuildConfiguration;
			buildSettings = {
				ALWAYS_SEARCH_USER_PATHS = NO;
				ARCHS = "$(ARCHS_STANDARD_INCLUDING_64_BIT)";
				CLANG_CXX_LANGUAGE_STANDARD = "gnu++0x";
				CLANG_CXX_LIBRARY = "libc++";
				CLANG_ENABLE_MODULES = YES;
				CLANG_ENABLE_OBJC_ARC = YES;
				CLANG_WARN_BOOL_CONVERSION = YES;
				CLANG_WARN_CONSTANT_CONVERSION = YES;
				CLANG_WARN_DIRECT_OBJC_ISA_USAGE = YES_ERROR;
				CLANG_WARN_EMPTY_BODY = YES;
				CLANG_WARN_ENUM_CONVERSION = YES;
				CLANG_WARN_INT_CONVERSION = YES;
				CLANG_WARN_OBJC_ROOT_CLASS = YES_ERROR;
				CLANG_WARN__DUPLICATE_METHOD_MATCH = YES;
				"CODE_SIGN_IDENTITY[sdk=iphoneos*]" = "iPhone Developer";
				COPY_PHASE_STRIP = YES;
				ENABLE_NS_ASSERTIONS = NO;
				GCC_C_LANGUAGE_STANDARD = gnu99;
				GCC_WARN_64_TO_32_BIT_CONVERSION = YES;
				GCC_WARN_ABOUT_RETURN_TYPE = YES_ERROR;
				GCC_WARN_UNDECLARED_SELECTOR = YES;
				GCC_WARN_UNINITIALIZED_AUTOS = YES;
				GCC_WARN_UNUSED_FUNCTION = YES;
				GCC_WARN_UNUSED_VARIABLE = YES;
				IPHONEOS_DEPLOYMENT_TARGET = 7.0;
				SDKROOT = iphoneos;
				TARGETED_DEVICE_FAMILY = 2;
				VALIDATE_PRODUCT = YES;
			};
			name = Release;
		};
		318B3ACB18BFB6FB005487AB /* Debug */ = {
			isa = XCBuildConfiguration;
			buildSettings = {
				ASSETCATALOG_COMPILER_APPICON_NAME = AppIcon;
				ASSETCATALOG_COMPILER_LAUNCHIMAGE_NAME = LaunchImage;
				GCC_PRECOMPILE_PREFIX_HEADER = YES;
				GCC_PREFIX_HEADER = "computer/computer-Prefix.pch";
				INFOPLIST_FILE = "computer/computer-Info.plist";
				PRODUCT_NAME = "$(TARGET_NAME)";
				TARGETED_DEVICE_FAMILY = "1,2";
				WRAPPER_EXTENSION = app;
			};
			name = Debug;
		};
		318B3ACC18BFB6FB005487AB /* Release */ = {
			isa = XCBuildConfiguration;
			buildSettings = {
				ASSETCATALOG_COMPILER_APPICON_NAME = AppIcon;
				ASSETCATALOG_COMPILER_LAUNCHIMAGE_NAME = LaunchImage;
				GCC_PRECOMPILE_PREFIX_HEADER = YES;
				GCC_PREFIX_HEADER = "computer/computer-Prefix.pch";
				INFOPLIST_FILE = "computer/computer-Info.plist";
				PRODUCT_NAME = "$(TARGET_NAME)";
				TARGETED_DEVICE_FAMILY = "1,2";
				WRAPPER_EXTENSION = app;
			};
			name = Release;
		};
		318B3ACE18BFB6FB005487AB /* Debug */ = {
			isa = XCBuildConfiguration;
			buildSettings = {
				ARCHS = "$(ARCHS_STANDARD_INCLUDING_64_BIT)";
				BUNDLE_LOADER = "$(BUILT_PRODUCTS_DIR)/computer.app/computer";
				FRAMEWORK_SEARCH_PATHS = (
					"$(SDKROOT)/Developer/Library/Frameworks",
					"$(inherited)",
					"$(DEVELOPER_FRAMEWORKS_DIR)",
				);
				GCC_PRECOMPILE_PREFIX_HEADER = YES;
				GCC_PREFIX_HEADER = "computer/computer-Prefix.pch";
				GCC_PREPROCESSOR_DEFINITIONS = (
					"DEBUG=1",
					"$(inherited)",
				);
				INFOPLIST_FILE = "computerTests/computerTests-Info.plist";
				PRODUCT_NAME = "$(TARGET_NAME)";
				TEST_HOST = "$(BUNDLE_LOADER)";
				WRAPPER_EXTENSION = xctest;
			};
			name = Debug;
		};
		318B3ACF18BFB6FB005487AB /* Release */ = {
			isa = XCBuildConfiguration;
			buildSettings = {
				ARCHS = "$(ARCHS_STANDARD_INCLUDING_64_BIT)";
				BUNDLE_LOADER = "$(BUILT_PRODUCTS_DIR)/computer.app/computer";
				FRAMEWORK_SEARCH_PATHS = (
					"$(SDKROOT)/Developer/Library/Frameworks",
					"$(inherited)",
					"$(DEVELOPER_FRAMEWORKS_DIR)",
				);
				GCC_PRECOMPILE_PREFIX_HEADER = YES;
				GCC_PREFIX_HEADER = "computer/computer-Prefix.pch";
				INFOPLIST_FILE = "computerTests/computerTests-Info.plist";
				PRODUCT_NAME = "$(TARGET_NAME)";
				TEST_HOST = "$(BUNDLE_LOADER)";
				WRAPPER_EXTENSION = xctest;
			};
			name = Release;
		};
/* End XCBuildConfiguration section */

/* Begin XCConfigurationList section */
		318B3A9918BFB6FA005487AB /* Build configuration list for PBXProject "computer" */ = {
			isa = XCConfigurationList;
			buildConfigurations = (
				318B3AC818BFB6FB005487AB /* Debug */,
				318B3AC918BFB6FB005487AB /* Release */,
			);
			defaultConfigurationIsVisible = 0;
			defaultConfigurationName = Release;
		};
		318B3ACA18BFB6FB005487AB /* Build configuration list for PBXNativeTarget "computer" */ = {
			isa = XCConfigurationList;
			buildConfigurations = (
				318B3ACB18BFB6FB005487AB /* Debug */,
				318B3ACC18BFB6FB005487AB /* Release */,
			);
			defaultConfigurationIsVisible = 0;
			defaultConfigurationName = Release;
		};
		318B3ACD18BFB6FB005487AB /* Build configuration list for PBXNativeTarget "computerTests" */ = {
			isa = XCConfigurationList;
			buildConfigurations = (
				318B3ACE18BFB6FB005487AB /* Debug */,
				318B3ACF18BFB6FB005487AB /* Release */,
			);
			defaultConfigurationIsVisible = 0;
			defaultConfigurationName = Release;
		};
/* End XCConfigurationList section */
	};
	rootObject = 318B3A9618BFB6FA005487AB /* Project object */;
}
